// !$*UTF8*$!
{
	archiveVersion = 1;
	classes = {
	};
	objectVersion = 50;
	objects = {

/* Begin PBXBuildFile section */
		B9C1BDCB22C533C7004EDC40 /* AppDelegate.m in Sources */ = {isa = PBXBuildFile; fileRef = B9C1BDCA22C533C7004EDC40 /* AppDelegate.m */; };
		B9C1BDCE22C533C7004EDC40 /* ViewController.m in Sources */ = {isa = PBXBuildFile; fileRef = B9C1BDCD22C533C7004EDC40 /* ViewController.m */; };
		B9C1BDD122C533C7004EDC40 /* Main.storyboard in Resources */ = {isa = PBXBuildFile; fileRef = B9C1BDCF22C533C7004EDC40 /* Main.storyboard */; };
		B9C1BDD322C533C7004EDC40 /* Assets.xcassets in Resources */ = {isa = PBXBuildFile; fileRef = B9C1BDD222C533C7004EDC40 /* Assets.xcassets */; };
		B9C1BDD622C533C7004EDC40 /* LaunchScreen.storyboard in Resources */ = {isa = PBXBuildFile; fileRef = B9C1BDD422C533C7004EDC40 /* LaunchScreen.storyboard */; };
		B9C1BDD922C533C7004EDC40 /* main.m in Sources */ = {isa = PBXBuildFile; fileRef = B9C1BDD822C533C7004EDC40 /* main.m */; };
		B9C1BDE322C533C7004EDC40 /* TumblrTests.m in Sources */ = {isa = PBXBuildFile; fileRef = B9C1BDE222C533C7004EDC40 /* TumblrTests.m */; };
		B9C1BDEE22C533C7004EDC40 /* TumblrUITests.m in Sources */ = {isa = PBXBuildFile; fileRef = B9C1BDED22C533C7004EDC40 /* TumblrUITests.m */; };
/* End PBXBuildFile section */

/* Begin PBXContainerItemProxy section */
		B9C1BDDF22C533C7004EDC40 /* PBXContainerItemProxy */ = {
			isa = PBXContainerItemProxy;
			containerPortal = B9C1BDBE22C533C7004EDC40 /* Project object */;
			proxyType = 1;
			remoteGlobalIDString = B9C1BDC522C533C7004EDC40;
			remoteInfo = Tumblr;
		};
		B9C1BDEA22C533C7004EDC40 /* PBXContainerItemProxy */ = {
			isa = PBXContainerItemProxy;
			containerPortal = B9C1BDBE22C533C7004EDC40 /* Project object */;
			proxyType = 1;
			remoteGlobalIDString = B9C1BDC522C533C7004EDC40;
			remoteInfo = Tumblr;
		};
/* End PBXContainerItemProxy section */

/* Begin PBXFileReference section */
		B9C1BDC622C533C7004EDC40 /* Tumblr.app */ = {isa = PBXFileReference; explicitFileType = wrapper.application; includeInIndex = 0; path = Tumblr.app; sourceTree = BUILT_PRODUCTS_DIR; };
		B9C1BDC922C533C7004EDC40 /* AppDelegate.h */ = {isa = PBXFileReference; lastKnownFileType = sourcecode.c.h; path = AppDelegate.h; sourceTree = "<group>"; };
		B9C1BDCA22C533C7004EDC40 /* AppDelegate.m */ = {isa = PBXFileReference; lastKnownFileType = sourcecode.c.objc; path = AppDelegate.m; sourceTree = "<group>"; };
		B9C1BDCC22C533C7004EDC40 /* ViewController.h */ = {isa = PBXFileReference; lastKnownFileType = sourcecode.c.h; path = ViewController.h; sourceTree = "<group>"; };
		B9C1BDCD22C533C7004EDC40 /* ViewController.m */ = {isa = PBXFileReference; lastKnownFileType = sourcecode.c.objc; path = ViewController.m; sourceTree = "<group>"; };
		B9C1BDD022C533C7004EDC40 /* Base */ = {isa = PBXFileReference; lastKnownFileType = file.storyboard; name = Base; path = Base.lproj/Main.storyboard; sourceTree = "<group>"; };
		B9C1BDD222C533C7004EDC40 /* Assets.xcassets */ = {isa = PBXFileReference; lastKnownFileType = folder.assetcatalog; path = Assets.xcassets; sourceTree = "<group>"; };
		B9C1BDD522C533C7004EDC40 /* Base */ = {isa = PBXFileReference; lastKnownFileType = file.storyboard; name = Base; path = Base.lproj/LaunchScreen.storyboard; sourceTree = "<group>"; };
		B9C1BDD722C533C7004EDC40 /* Info.plist */ = {isa = PBXFileReference; lastKnownFileType = text.plist.xml; path = Info.plist; sourceTree = "<group>"; };
		B9C1BDD822C533C7004EDC40 /* main.m */ = {isa = PBXFileReference; lastKnownFileType = sourcecode.c.objc; path = main.m; sourceTree = "<group>"; };
		B9C1BDDE22C533C7004EDC40 /* TumblrTests.xctest */ = {isa = PBXFileReference; explicitFileType = wrapper.cfbundle; includeInIndex = 0; path = TumblrTests.xctest; sourceTree = BUILT_PRODUCTS_DIR; };
		B9C1BDE222C533C7004EDC40 /* TumblrTests.m */ = {isa = PBXFileReference; lastKnownFileType = sourcecode.c.objc; path = TumblrTests.m; sourceTree = "<group>"; };
		B9C1BDE422C533C7004EDC40 /* Info.plist */ = {isa = PBXFileReference; lastKnownFileType = text.plist.xml; path = Info.plist; sourceTree = "<group>"; };
		B9C1BDE922C533C7004EDC40 /* TumblrUITests.xctest */ = {isa = PBXFileReference; explicitFileType = wrapper.cfbundle; includeInIndex = 0; path = TumblrUITests.xctest; sourceTree = BUILT_PRODUCTS_DIR; };
		B9C1BDED22C533C7004EDC40 /* TumblrUITests.m */ = {isa = PBXFileReference; lastKnownFileType = sourcecode.c.objc; path = TumblrUITests.m; sourceTree = "<group>"; };
		B9C1BDEF22C533C7004EDC40 /* Info.plist */ = {isa = PBXFileReference; lastKnownFileType = text.plist.xml; path = Info.plist; sourceTree = "<group>"; };
/* End PBXFileReference section */

/* Begin PBXFrameworksBuildPhase section */
		B9C1BDC322C533C7004EDC40 /* Frameworks */ = {
			isa = PBXFrameworksBuildPhase;
			buildActionMask = 2147483647;
			files = (
			);
			runOnlyForDeploymentPostprocessing = 0;
		};
		B9C1BDDB22C533C7004EDC40 /* Frameworks */ = {
			isa = PBXFrameworksBuildPhase;
			buildActionMask = 2147483647;
			files = (
			);
			runOnlyForDeploymentPostprocessing = 0;
		};
		B9C1BDE622C533C7004EDC40 /* Frameworks */ = {
			isa = PBXFrameworksBuildPhase;
			buildActionMask = 2147483647;
			files = (
			);
			runOnlyForDeploymentPostprocessing = 0;
		};
/* End PBXFrameworksBuildPhase section */

/* Begin PBXGroup section */
		B9C1BDBD22C533C7004EDC40 = {
			isa = PBXGroup;
			children = (
				B9C1BDC822C533C7004EDC40 /* Tumblr */,
				B9C1BDE122C533C7004EDC40 /* TumblrTests */,
				B9C1BDEC22C533C7004EDC40 /* TumblrUITests */,
				B9C1BDC722C533C7004EDC40 /* Products */,
			);
			sourceTree = "<group>";
		};
		B9C1BDC722C533C7004EDC40 /* Products */ = {
			isa = PBXGroup;
			children = (
				B9C1BDC622C533C7004EDC40 /* Tumblr.app */,
				B9C1BDDE22C533C7004EDC40 /* TumblrTests.xctest */,
				B9C1BDE922C533C7004EDC40 /* TumblrUITests.xctest */,
			);
			name = Products;
			sourceTree = "<group>";
		};
		B9C1BDC822C533C7004EDC40 /* Tumblr */ = {
			isa = PBXGroup;
			children = (
				B9C1BDC922C533C7004EDC40 /* AppDelegate.h */,
				B9C1BDCA22C533C7004EDC40 /* AppDelegate.m */,
				B9C1BDCC22C533C7004EDC40 /* ViewController.h */,
				B9C1BDCD22C533C7004EDC40 /* ViewController.m */,
				B9C1BDCF22C533C7004EDC40 /* Main.storyboard */,
				B9C1BDD222C533C7004EDC40 /* Assets.xcassets */,
				B9C1BDD422C533C7004EDC40 /* LaunchScreen.storyboard */,
				B9C1BDD722C533C7004EDC40 /* Info.plist */,
				B9C1BDD822C533C7004EDC40 /* main.m */,
			);
			path = Tumblr;
			sourceTree = "<group>";
		};
		B9C1BDE122C533C7004EDC40 /* TumblrTests */ = {
			isa = PBXGroup;
			children = (
				B9C1BDE222C533C7004EDC40 /* TumblrTests.m */,
				B9C1BDE422C533C7004EDC40 /* Info.plist */,
			);
			path = TumblrTests;
			sourceTree = "<group>";
		};
		B9C1BDEC22C533C7004EDC40 /* TumblrUITests */ = {
			isa = PBXGroup;
			children = (
				B9C1BDED22C533C7004EDC40 /* TumblrUITests.m */,
				B9C1BDEF22C533C7004EDC40 /* Info.plist */,
			);
			path = TumblrUITests;
			sourceTree = "<group>";
		};
/* End PBXGroup section */

/* Begin PBXNativeTarget section */
		B9C1BDC522C533C7004EDC40 /* Tumblr */ = {
			isa = PBXNativeTarget;
			buildConfigurationList = B9C1BDF222C533C7004EDC40 /* Build configuration list for PBXNativeTarget "Tumblr" */;
			buildPhases = (
				B9C1BDC222C533C7004EDC40 /* Sources */,
				B9C1BDC322C533C7004EDC40 /* Frameworks */,
				B9C1BDC422C533C7004EDC40 /* Resources */,
			);
			buildRules = (
			);
			dependencies = (
			);
			name = Tumblr;
			productName = Tumblr;
			productReference = B9C1BDC622C533C7004EDC40 /* Tumblr.app */;
			productType = "com.apple.product-type.application";
		};
		B9C1BDDD22C533C7004EDC40 /* TumblrTests */ = {
			isa = PBXNativeTarget;
			buildConfigurationList = B9C1BDF522C533C7004EDC40 /* Build configuration list for PBXNativeTarget "TumblrTests" */;
			buildPhases = (
				B9C1BDDA22C533C7004EDC40 /* Sources */,
				B9C1BDDB22C533C7004EDC40 /* Frameworks */,
				B9C1BDDC22C533C7004EDC40 /* Resources */,
			);
			buildRules = (
			);
			dependencies = (
				B9C1BDE022C533C7004EDC40 /* PBXTargetDependency */,
			);
			name = TumblrTests;
			productName = TumblrTests;
			productReference = B9C1BDDE22C533C7004EDC40 /* TumblrTests.xctest */;
			productType = "com.apple.product-type.bundle.unit-test";
		};
		B9C1BDE822C533C7004EDC40 /* TumblrUITests */ = {
			isa = PBXNativeTarget;
			buildConfigurationList = B9C1BDF822C533C7004EDC40 /* Build configuration list for PBXNativeTarget "TumblrUITests" */;
			buildPhases = (
				B9C1BDE522C533C7004EDC40 /* Sources */,
				B9C1BDE622C533C7004EDC40 /* Frameworks */,
				B9C1BDE722C533C7004EDC40 /* Resources */,
			);
			buildRules = (
			);
			dependencies = (
				B9C1BDEB22C533C7004EDC40 /* PBXTargetDependency */,
			);
			name = TumblrUITests;
			productName = TumblrUITests;
			productReference = B9C1BDE922C533C7004EDC40 /* TumblrUITests.xctest */;
			productType = "com.apple.product-type.bundle.ui-testing";
		};
/* End PBXNativeTarget section */

/* Begin PBXProject section */
		B9C1BDBE22C533C7004EDC40 /* Project object */ = {
			isa = PBXProject;
			attributes = {
				LastUpgradeCheck = 1020;
				ORGANIZATIONNAME = lucyyyw;
				TargetAttributes = {
					B9C1BDC522C533C7004EDC40 = {
						CreatedOnToolsVersion = 10.2.1;
					};
					B9C1BDDD22C533C7004EDC40 = {
						CreatedOnToolsVersion = 10.2.1;
						TestTargetID = B9C1BDC522C533C7004EDC40;
					};
					B9C1BDE822C533C7004EDC40 = {
						CreatedOnToolsVersion = 10.2.1;
						TestTargetID = B9C1BDC522C533C7004EDC40;
					};
				};
			};
			buildConfigurationList = B9C1BDC122C533C7004EDC40 /* Build configuration list for PBXProject "Tumblr" */;
			compatibilityVersion = "Xcode 9.3";
			developmentRegion = en;
			hasScannedForEncodings = 0;
			knownRegions = (
				en,
				Base,
			);
			mainGroup = B9C1BDBD22C533C7004EDC40;
			productRefGroup = B9C1BDC722C533C7004EDC40 /* Products */;
			projectDirPath = "";
			projectRoot = "";
			targets = (
				B9C1BDC522C533C7004EDC40 /* Tumblr */,
				B9C1BDDD22C533C7004EDC40 /* TumblrTests */,
				B9C1BDE822C533C7004EDC40 /* TumblrUITests */,
			);
		};
/* End PBXProject section */

/* Begin PBXResourcesBuildPhase section */
		B9C1BDC422C533C7004EDC40 /* Resources */ = {
			isa = PBXResourcesBuildPhase;
			buildActionMask = 2147483647;
			files = (
				B9C1BDD622C533C7004EDC40 /* LaunchScreen.storyboard in Resources */,
				B9C1BDD322C533C7004EDC40 /* Assets.xcassets in Resources */,
				B9C1BDD122C533C7004EDC40 /* Main.storyboard in Resources */,
			);
			runOnlyForDeploymentPostprocessing = 0;
		};
		B9C1BDDC22C533C7004EDC40 /* Resources */ = {
			isa = PBXResourcesBuildPhase;
			buildActionMask = 2147483647;
			files = (
			);
			runOnlyForDeploymentPostprocessing = 0;
		};
		B9C1BDE722C533C7004EDC40 /* Resources */ = {
			isa = PBXResourcesBuildPhase;
			buildActionMask = 2147483647;
			files = (
			);
			runOnlyForDeploymentPostprocessing = 0;
		};
/* End PBXResourcesBuildPhase section */

/* Begin PBXSourcesBuildPhase section */
		B9C1BDC222C533C7004EDC40 /* Sources */ = {
			isa = PBXSourcesBuildPhase;
			buildActionMask = 2147483647;
			files = (
				B9C1BDCE22C533C7004EDC40 /* ViewController.m in Sources */,
				B9C1BDD922C533C7004EDC40 /* main.m in Sources */,
				B9C1BDCB22C533C7004EDC40 /* AppDelegate.m in Sources */,
			);
			runOnlyForDeploymentPostprocessing = 0;
		};
		B9C1BDDA22C533C7004EDC40 /* Sources */ = {
			isa = PBXSourcesBuildPhase;
			buildActionMask = 2147483647;
			files = (
				B9C1BDE322C533C7004EDC40 /* TumblrTests.m in Sources */,
			);
			runOnlyForDeploymentPostprocessing = 0;
		};
		B9C1BDE522C533C7004EDC40 /* Sources */ = {
			isa = PBXSourcesBuildPhase;
			buildActionMask = 2147483647;
			files = (
				B9C1BDEE22C533C7004EDC40 /* TumblrUITests.m in Sources */,
			);
			runOnlyForDeploymentPostprocessing = 0;
		};
/* End PBXSourcesBuildPhase section */

/* Begin PBXTargetDependency section */
		B9C1BDE022C533C7004EDC40 /* PBXTargetDependency */ = {
			isa = PBXTargetDependency;
			target = B9C1BDC522C533C7004EDC40 /* Tumblr */;
			targetProxy = B9C1BDDF22C533C7004EDC40 /* PBXContainerItemProxy */;
		};
		B9C1BDEB22C533C7004EDC40 /* PBXTargetDependency */ = {
			isa = PBXTargetDependency;
			target = B9C1BDC522C533C7004EDC40 /* Tumblr */;
			targetProxy = B9C1BDEA22C533C7004EDC40 /* PBXContainerItemProxy */;
		};
/* End PBXTargetDependency section */

/* Begin PBXVariantGroup section */
		B9C1BDCF22C533C7004EDC40 /* Main.storyboard */ = {
			isa = PBXVariantGroup;
			children = (
				B9C1BDD022C533C7004EDC40 /* Base */,
			);
			name = Main.storyboard;
			sourceTree = "<group>";
		};
		B9C1BDD422C533C7004EDC40 /* LaunchScreen.storyboard */ = {
			isa = PBXVariantGroup;
			children = (
				B9C1BDD522C533C7004EDC40 /* Base */,
			);
			name = LaunchScreen.storyboard;
			sourceTree = "<group>";
		};
/* End PBXVariantGroup section */

/* Begin XCBuildConfiguration section */
		B9C1BDF022C533C7004EDC40 /* Debug */ = {
			isa = XCBuildConfiguration;
			buildSettings = {
				ALWAYS_SEARCH_USER_PATHS = NO;
				CLANG_ANALYZER_NONNULL = YES;
				CLANG_ANALYZER_NUMBER_OBJECT_CONVERSION = YES_AGGRESSIVE;
				CLANG_CXX_LANGUAGE_STANDARD = "gnu++14";
				CLANG_CXX_LIBRARY = "libc++";
				CLANG_ENABLE_MODULES = YES;
				CLANG_ENABLE_OBJC_ARC = YES;
				CLANG_ENABLE_OBJC_WEAK = YES;
				CLANG_WARN_BLOCK_CAPTURE_AUTORELEASING = YES;
				CLANG_WARN_BOOL_CONVERSION = YES;
				CLANG_WARN_COMMA = YES;
				CLANG_WARN_CONSTANT_CONVERSION = YES;
				CLANG_WARN_DEPRECATED_OBJC_IMPLEMENTATIONS = YES;
				CLANG_WARN_DIRECT_OBJC_ISA_USAGE = YES_ERROR;
				CLANG_WARN_DOCUMENTATION_COMMENTS = YES;
				CLANG_WARN_EMPTY_BODY = YES;
				CLANG_WARN_ENUM_CONVERSION = YES;
				CLANG_WARN_INFINITE_RECURSION = YES;
				CLANG_WARN_INT_CONVERSION = YES;
				CLANG_WARN_NON_LITERAL_NULL_CONVERSION = YES;
				CLANG_WARN_OBJC_IMPLICIT_RETAIN_SELF = YES;
				CLANG_WARN_OBJC_LITERAL_CONVERSION = YES;
				CLANG_WARN_OBJC_ROOT_CLASS = YES_ERROR;
				CLANG_WARN_RANGE_LOOP_ANALYSIS = YES;
				CLANG_WARN_STRICT_PROTOTYPES = YES;
				CLANG_WARN_SUSPICIOUS_MOVE = YES;
				CLANG_WARN_UNGUARDED_AVAILABILITY = YES_AGGRESSIVE;
				CLANG_WARN_UNREACHABLE_CODE = YES;
				CLANG_WARN__DUPLICATE_METHOD_MATCH = YES;
				CODE_SIGN_IDENTITY = "iPhone Developer";
				COPY_PHASE_STRIP = NO;
				DEBUG_INFORMATION_FORMAT = dwarf;
				ENABLE_STRICT_OBJC_MSGSEND = YES;
				ENABLE_TESTABILITY = YES;
				GCC_C_LANGUAGE_STANDARD = gnu11;
				GCC_DYNAMIC_NO_PIC = NO;
				GCC_NO_COMMON_BLOCKS = YES;
				GCC_OPTIMIZATION_LEVEL = 0;
				GCC_PREPROCESSOR_DEFINITIONS = (
					"DEBUG=1",
					"$(inherited)",
				);
				GCC_WARN_64_TO_32_BIT_CONVERSION = YES;
				GCC_WARN_ABOUT_RETURN_TYPE = YES_ERROR;
				GCC_WARN_UNDECLARED_SELECTOR = YES;
				GCC_WARN_UNINITIALIZED_AUTOS = YES_AGGRESSIVE;
				GCC_WARN_UNUSED_FUNCTION = YES;
				GCC_WARN_UNUSED_VARIABLE = YES;
				IPHONEOS_DEPLOYMENT_TARGET = 12.2;
				MTL_ENABLE_DEBUG_INFO = INCLUDE_SOURCE;
				MTL_FAST_MATH = YES;
				ONLY_ACTIVE_ARCH = YES;
				SDKROOT = iphoneos;
			};
			name = Debug;
		};
		B9C1BDF122C533C7004EDC40 /* Release */ = {
			isa = XCBuildConfiguration;
			buildSettings = {
				ALWAYS_SEARCH_USER_PATHS = NO;
				CLANG_ANALYZER_NONNULL = YES;
				CLANG_ANALYZER_NUMBER_OBJECT_CONVERSION = YES_AGGRESSIVE;
				CLANG_CXX_LANGUAGE_STANDARD = "gnu++14";
				CLANG_CXX_LIBRARY = "libc++";
				CLANG_ENABLE_MODULES = YES;
				CLANG_ENABLE_OBJC_ARC = YES;
				CLANG_ENABLE_OBJC_WEAK = YES;
				CLANG_WARN_BLOCK_CAPTURE_AUTORELEASING = YES;
				CLANG_WARN_BOOL_CONVERSION = YES;
				CLANG_WARN_COMMA = YES;
				CLANG_WARN_CONSTANT_CONVERSION = YES;
				CLANG_WARN_DEPRECATED_OBJC_IMPLEMENTATIONS = YES;
				CLANG_WARN_DIRECT_OBJC_ISA_USAGE = YES_ERROR;
				CLANG_WARN_DOCUMENTATION_COMMENTS = YES;
				CLANG_WARN_EMPTY_BODY = YES;
				CLANG_WARN_ENUM_CONVERSION = YES;
				CLANG_WARN_INFINITE_RECURSION = YES;
				CLANG_WARN_INT_CONVERSION = YES;
				CLANG_WARN_NON_LITERAL_NULL_CONVERSION = YES;
				CLANG_WARN_OBJC_IMPLICIT_RETAIN_SELF = YES;
				CLANG_WARN_OBJC_LITERAL_CONVERSION = YES;
				CLANG_WARN_OBJC_ROOT_CLASS = YES_ERROR;
				CLANG_WARN_RANGE_LOOP_ANALYSIS = YES;
				CLANG_WARN_STRICT_PROTOTYPES = YES;
				CLANG_WARN_SUSPICIOUS_MOVE = YES;
				CLANG_WARN_UNGUARDED_AVAILABILITY = YES_AGGRESSIVE;
				CLANG_WARN_UNREACHABLE_CODE = YES;
				CLANG_WARN__DUPLICATE_METHOD_MATCH = YES;
				CODE_SIGN_IDENTITY = "iPhone Developer";
				COPY_PHASE_STRIP = NO;
				DEBUG_INFORMATION_FORMAT = "dwarf-with-dsym";
				ENABLE_NS_ASSERTIONS = NO;
				ENABLE_STRICT_OBJC_MSGSEND = YES;
				GCC_C_LANGUAGE_STANDARD = gnu11;
				GCC_NO_COMMON_BLOCKS = YES;
				GCC_WARN_64_TO_32_BIT_CONVERSION = YES;
				GCC_WARN_ABOUT_RETURN_TYPE = YES_ERROR;
				GCC_WARN_UNDECLARED_SELECTOR = YES;
				GCC_WARN_UNINITIALIZED_AUTOS = YES_AGGRESSIVE;
				GCC_WARN_UNUSED_FUNCTION = YES;
				GCC_WARN_UNUSED_VARIABLE = YES;
				IPHONEOS_DEPLOYMENT_TARGET = 12.2;
				MTL_ENABLE_DEBUG_INFO = NO;
				MTL_FAST_MATH = YES;
				SDKROOT = iphoneos;
				VALIDATE_PRODUCT = YES;
			};
			name = Release;
		};
		B9C1BDF322C533C7004EDC40 /* Debug */ = {
			isa = XCBuildConfiguration;
			buildSettings = {
				ASSETCATALOG_COMPILER_APPICON_NAME = AppIcon;
				CODE_SIGN_STYLE = Automatic;
				INFOPLIST_FILE = Tumblr/Info.plist;
				LD_RUNPATH_SEARCH_PATHS = (
					"$(inherited)",
					"@executable_path/Frameworks",
				);
				PRODUCT_BUNDLE_IDENTIFIER = com.lucyyyw.Tumblr;
				PRODUCT_NAME = "$(TARGET_NAME)";
				TARGETED_DEVICE_FAMILY = "1,2";
			};
			name = Debug;
		};
		B9C1BDF422C533C7004EDC40 /* Release */ = {
			isa = XCBuildConfiguration;
			buildSettings = {
				ASSETCATALOG_COMPILER_APPICON_NAME = AppIcon;
				CODE_SIGN_STYLE = Automatic;
				INFOPLIST_FILE = Tumblr/Info.plist;
				LD_RUNPATH_SEARCH_PATHS = (
					"$(inherited)",
					"@executable_path/Frameworks",
				);
				PRODUCT_BUNDLE_IDENTIFIER = com.lucyyyw.Tumblr;
				PRODUCT_NAME = "$(TARGET_NAME)";
				TARGETED_DEVICE_FAMILY = "1,2";
			};
			name = Release;
		};
		B9C1BDF622C533C7004EDC40 /* Debug */ = {
			isa = XCBuildConfiguration;
			buildSettings = {
				BUNDLE_LOADER = "$(TEST_HOST)";
				CODE_SIGN_STYLE = Automatic;
				INFOPLIST_FILE = TumblrTests/Info.plist;
				LD_RUNPATH_SEARCH_PATHS = (
					"$(inherited)",
					"@executable_path/Frameworks",
					"@loader_path/Frameworks",
				);
				PRODUCT_BUNDLE_IDENTIFIER = com.lucyyyw.TumblrTests;
				PRODUCT_NAME = "$(TARGET_NAME)";
				TARGETED_DEVICE_FAMILY = "1,2";
				TEST_HOST = "$(BUILT_PRODUCTS_DIR)/Tumblr.app/Tumblr";
			};
			name = Debug;
		};
		B9C1BDF722C533C7004EDC40 /* Release */ = {
			isa = XCBuildConfiguration;
			buildSettings = {
				BUNDLE_LOADER = "$(TEST_HOST)";
				CODE_SIGN_STYLE = Automatic;
				INFOPLIST_FILE = TumblrTests/Info.plist;
				LD_RUNPATH_SEARCH_PATHS = (
					"$(inherited)",
					"@executable_path/Frameworks",
					"@loader_path/Frameworks",
				);
				PRODUCT_BUNDLE_IDENTIFIER = com.lucyyyw.TumblrTests;
				PRODUCT_NAME = "$(TARGET_NAME)";
				TARGETED_DEVICE_FAMILY = "1,2";
				TEST_HOST = "$(BUILT_PRODUCTS_DIR)/Tumblr.app/Tumblr";
			};
			name = Release;
		};
		B9C1BDF922C533C7004EDC40 /* Debug */ = {
			isa = XCBuildConfiguration;
			buildSettings = {
				CODE_SIGN_STYLE = Automatic;
				INFOPLIST_FILE = TumblrUITests/Info.plist;
				LD_RUNPATH_SEARCH_PATHS = (
					"$(inherited)",
					"@executable_path/Frameworks",
					"@loader_path/Frameworks",
				);
				PRODUCT_BUNDLE_IDENTIFIER = com.lucyyyw.TumblrUITests;
				PRODUCT_NAME = "$(TARGET_NAME)";
				TARGETED_DEVICE_FAMILY = "1,2";
				TEST_TARGET_NAME = Tumblr;
			};
			name = Debug;
		};
		B9C1BDFA22C533C7004EDC40 /* Release */ = {
			isa = XCBuildConfiguration;
			buildSettings = {
				CODE_SIGN_STYLE = Automatic;
				INFOPLIST_FILE = TumblrUITests/Info.plist;
				LD_RUNPATH_SEARCH_PATHS = (
					"$(inherited)",
					"@executable_path/Frameworks",
					"@loader_path/Frameworks",
				);
				PRODUCT_BUNDLE_IDENTIFIER = com.lucyyyw.TumblrUITests;
				PRODUCT_NAME = "$(TARGET_NAME)";
				TARGETED_DEVICE_FAMILY = "1,2";
				TEST_TARGET_NAME = Tumblr;
			};
			name = Release;
		};
/* End XCBuildConfiguration section */

/* Begin XCConfigurationList section */
		B9C1BDC122C533C7004EDC40 /* Build configuration list for PBXProject "Tumblr" */ = {
			isa = XCConfigurationList;
			buildConfigurations = (
				B9C1BDF022C533C7004EDC40 /* Debug */,
				B9C1BDF122C533C7004EDC40 /* Release */,
			);
			defaultConfigurationIsVisible = 0;
			defaultConfigurationName = Release;
		};
		B9C1BDF222C533C7004EDC40 /* Build configuration list for PBXNativeTarget "Tumblr" */ = {
			isa = XCConfigurationList;
			buildConfigurations = (
				B9C1BDF322C533C7004EDC40 /* Debug */,
				B9C1BDF422C533C7004EDC40 /* Release */,
			);
			defaultConfigurationIsVisible = 0;
			defaultConfigurationName = Release;
		};
		B9C1BDF522C533C7004EDC40 /* Build configuration list for PBXNativeTarget "TumblrTests" */ = {
			isa = XCConfigurationList;
			buildConfigurations = (
				B9C1BDF622C533C7004EDC40 /* Debug */,
				B9C1BDF722C533C7004EDC40 /* Release */,
			);
			defaultConfigurationIsVisible = 0;
			defaultConfigurationName = Release;
		};
		B9C1BDF822C533C7004EDC40 /* Build configuration list for PBXNativeTarget "TumblrUITests" */ = {
			isa = XCConfigurationList;
			buildConfigurations = (
				B9C1BDF922C533C7004EDC40 /* Debug */,
				B9C1BDFA22C533C7004EDC40 /* Release */,
			);
			defaultConfigurationIsVisible = 0;
			defaultConfigurationName = Release;
		};
/* End XCConfigurationList section */
	};
	rootObject = B9C1BDBE22C533C7004EDC40 /* Project object */;
}
